
Microsoft Visual Studio Solution File, Format Version 12.00
# Visual Studio Version 16
VisualStudioVersion = 16.0.30114.105
MinimumVisualStudioVersion = 10.0.40219.1
Project("{FAE04EC0-301F-11D3-BF4B-00C04F79EFBC}") = "API", "API\API.csproj", "{67012FED-BF73-4279-93F8-B1A5214D7221}"
EndProject
Project("{FAE04EC0-301F-11D3-BF4B-00C04F79EFBC}") = "Application", "Application\Application.csproj", "{04304972-049F-4A84-B230-1A153BBF15BD}"
EndProject
Project("{FAE04EC0-301F-11D3-BF4B-00C04F79EFBC}") = "Domain", "Domain\Domain.csproj", "{BD80894C-C35F-4BC1-AD9A-EEDDA6C89559}"
EndProject
Project("{FAE04EC0-301F-11D3-BF4B-00C04F79EFBC}") = "Persistence", "Persistence\Persistence.csproj", "{70989604-415D-4831-8C31-E43B8487B318}"
EndProject
Global
	GlobalSection(SolutionConfigurationPlatforms) = preSolution
		Debug|Any CPU = Debug|Any CPU
		Release|Any CPU = Release|Any CPU
	EndGlobalSection
	GlobalSection(SolutionProperties) = preSolution
		HideSolutionNode = FALSE
	EndGlobalSection
	GlobalSection(ProjectConfigurationPlatforms) = postSolution
		{67012FED-BF73-4279-93F8-B1A5214D7221}.Debug|Any CPU.ActiveCfg = Debug|Any CPU
		{67012FED-BF73-4279-93F8-B1A5214D7221}.Debug|Any CPU.Build.0 = Debug|Any CPU
		{67012FED-BF73-4279-93F8-B1A5214D7221}.Release|Any CPU.ActiveCfg = Release|Any CPU
		{67012FED-BF73-4279-93F8-B1A5214D7221}.Release|Any CPU.Build.0 = Release|Any CPU
		{04304972-049F-4A84-B230-1A153BBF15BD}.Debug|Any CPU.ActiveCfg = Debug|Any CPU
		{04304972-049F-4A84-B230-1A153BBF15BD}.Debug|Any CPU.Build.0 = Debug|Any CPU
		{04304972-049F-4A84-B230-1A153BBF15BD}.Release|Any CPU.ActiveCfg = Release|Any CPU
		{04304972-049F-4A84-B230-1A153BBF15BD}.Release|Any CPU.Build.0 = Release|Any CPU
		{BD80894C-C35F-4BC1-AD9A-EEDDA6C89559}.Debug|Any CPU.ActiveCfg = Debug|Any CPU
		{BD80894C-C35F-4BC1-AD9A-EEDDA6C89559}.Debug|Any CPU.Build.0 = Debug|Any CPU
		{BD80894C-C35F-4BC1-AD9A-EEDDA6C89559}.Release|Any CPU.ActiveCfg = Release|Any CPU
		{BD80894C-C35F-4BC1-AD9A-EEDDA6C89559}.Release|Any CPU.Build.0 = Release|Any CPU
		{70989604-415D-4831-8C31-E43B8487B318}.Debug|Any CPU.ActiveCfg = Debug|Any CPU
		{70989604-415D-4831-8C31-E43B8487B318}.Debug|Any CPU.Build.0 = Debug|Any CPU
		{70989604-415D-4831-8C31-E43B8487B318}.Release|Any CPU.ActiveCfg = Release|Any CPU
		{70989604-415D-4831-8C31-E43B8487B318}.Release|Any CPU.Build.0 = Release|Any CPU
	EndGlobalSection
EndGlobal
